{
    "_readme": [
        "This file locks the dependencies of your project to a known state",
        "Read more about it at http://getcomposer.org/doc/01-basic-usage.md#composer-lock-the-lock-file",
        "This file is @generated automatically"
    ],
    "hash": "9105e4ded6489bab3174054f9332e773",
    "packages": [
        {
            "name": "emojione/emojione",
            "version": "v1.4.1",
            "source": {
                "type": "git",
                "url": "https://github.com/Ranks/emojione.git",
                "reference": "81373eda34614389dde82aa79ffa7f137b516423"
            },
            "dist": {
                "type": "zip",
                "url": "https://api.github.com/repos/Ranks/emojione/zipball/81373eda34614389dde82aa79ffa7f137b516423",
                "reference": "81373eda34614389dde82aa79ffa7f137b516423",
                "shasum": ""
            },
            "require": {
                "php": ">=5.3"
            },
            "require-dev": {
                "phpunit/phpunit": "~4.6"
            },
            "type": "library",
            "autoload": {
                "psr-4": {
                    "Emojione\\": "lib/php/src"
                }
            },
            "notification-url": "https://packagist.org/downloads/",
            "description": "Emoji One is a complete set of emojis designed for the web. It includes libraries to easily convert unicode characters to shortnames (:smile:) and shortnames to our custom emoji images. PNG and SVG formats provided for the emoji images.",
            "homepage": "http://www.emojione.com",
            "keywords": [
                "Emoji One",
                "emoji",
                "emojione",
                "emojis",
                "emoticons",
                "smileys",
                "smilies",
                "unicode"
            ],
            "time": "2015-06-05 19:30:48"
        }
    ],
    "packages-dev": [],
    "aliases": [],
    "minimum-stability": "stable",
    "stability-flags": [],
    "prefer-stable": false,
    "prefer-lowest": false,
    "platform": [],
    "platform-dev": []
}
